
Microsoft Visual Studio Solution File, Format Version 12.00
Project("{FAE04EC0-301F-11D3-BF4B-00C04F79EFBC}") = "Explorations.Pipelines.Api", "Explorations.Pipelines.Api\Explorations.Pipelines.Api.csproj", "{562BAEE8-82DE-434E-906C-7AB065833FFE}"
EndProject
Project("{FAE04EC0-301F-11D3-BF4B-00C04F79EFBC}") = "Explorations.Pipelines.Tests", "Explorations.Pipelines.Tests\Explorations.Pipelines.Tests.csproj", "{22C5D92E-BE8B-47F9-A943-A9613BC2FC06}"
EndProject
Global
	GlobalSection(SolutionConfigurationPlatforms) = preSolution
		Debug|Any CPU = Debug|Any CPU
		Release|Any CPU = Release|Any CPU
	EndGlobalSection
	GlobalSection(ProjectConfigurationPlatforms) = postSolution
		{562BAEE8-82DE-434E-906C-7AB065833FFE}.Debug|Any CPU.ActiveCfg = Debug|Any CPU
		{562BAEE8-82DE-434E-906C-7AB065833FFE}.Debug|Any CPU.Build.0 = Debug|Any CPU
		{562BAEE8-82DE-434E-906C-7AB065833FFE}.Release|Any CPU.ActiveCfg = Release|Any CPU
		{562BAEE8-82DE-434E-906C-7AB065833FFE}.Release|Any CPU.Build.0 = Release|Any CPU
		{22C5D92E-BE8B-47F9-A943-A9613BC2FC06}.Debug|Any CPU.ActiveCfg = Debug|Any CPU
		{22C5D92E-BE8B-47F9-A943-A9613BC2FC06}.Debug|Any CPU.Build.0 = Debug|Any CPU
		{22C5D92E-BE8B-47F9-A943-A9613BC2FC06}.Release|Any CPU.ActiveCfg = Release|Any CPU
		{22C5D92E-BE8B-47F9-A943-A9613BC2FC06}.Release|Any CPU.Build.0 = Release|Any CPU
	EndGlobalSection
EndGlobal
